// !$*UTF8*$!
{
	archiveVersion = 1;
	classes = {
	};
	objectVersion = 50;
	objects = {

/* Begin PBXBuildFile section */
		21BAD48025C1CF0300F4E04A /* AppDelegate.swift in Sources */ = {isa = PBXBuildFile; fileRef = 21BAD47F25C1CF0300F4E04A /* AppDelegate.swift */; };
		21BAD48225C1CF0300F4E04A /* SceneDelegate.swift in Sources */ = {isa = PBXBuildFile; fileRef = 21BAD48125C1CF0300F4E04A /* SceneDelegate.swift */; };
		21BAD48425C1CF0300F4E04A /* ContentView.swift in Sources */ = {isa = PBXBuildFile; fileRef = 21BAD48325C1CF0300F4E04A /* ContentView.swift */; };
		21BAD48625C1CF0400F4E04A /* Assets.xcassets in Resources */ = {isa = PBXBuildFile; fileRef = 21BAD48525C1CF0400F4E04A /* Assets.xcassets */; };
		21BAD48925C1CF0400F4E04A /* Preview Assets.xcassets in Resources */ = {isa = PBXBuildFile; fileRef = 21BAD48825C1CF0400F4E04A /* Preview Assets.xcassets */; };
		21BAD48C25C1CF0400F4E04A /* LaunchScreen.storyboard in Resources */ = {isa = PBXBuildFile; fileRef = 21BAD48A25C1CF0400F4E04A /* LaunchScreen.storyboard */; };
		21BAD49725C1CF0400F4E04A /* SimpleImagePickerTests.swift in Sources */ = {isa = PBXBuildFile; fileRef = 21BAD49625C1CF0400F4E04A /* SimpleImagePickerTests.swift */; };
		21BAD4A225C1CF0500F4E04A /* SimpleImagePickerUITests.swift in Sources */ = {isa = PBXBuildFile; fileRef = 21BAD4A125C1CF0500F4E04A /* SimpleImagePickerUITests.swift */; };
/* End PBXBuildFile section */

/* Begin PBXContainerItemProxy section */
		21BAD49325C1CF0400F4E04A /* PBXContainerItemProxy */ = {
			isa = PBXContainerItemProxy;
			containerPortal = 21BAD47425C1CF0300F4E04A /* Project object */;
			proxyType = 1;
			remoteGlobalIDString = 21BAD47B25C1CF0300F4E04A;
			remoteInfo = SimpleImagePicker;
		};
		21BAD49E25C1CF0500F4E04A /* PBXContainerItemProxy */ = {
			isa = PBXContainerItemProxy;
			containerPortal = 21BAD47425C1CF0300F4E04A /* Project object */;
			proxyType = 1;
			remoteGlobalIDString = 21BAD47B25C1CF0300F4E04A;
			remoteInfo = SimpleImagePicker;
		};
/* End PBXContainerItemProxy section */

/* Begin PBXFileReference section */
		21BAD47C25C1CF0300F4E04A /* SimpleImagePicker.app */ = {isa = PBXFileReference; explicitFileType = wrapper.application; includeInIndex = 0; path = SimpleImagePicker.app; sourceTree = BUILT_PRODUCTS_DIR; };
		21BAD47F25C1CF0300F4E04A /* AppDelegate.swift */ = {isa = PBXFileReference; lastKnownFileType = sourcecode.swift; path = AppDelegate.swift; sourceTree = "<group>"; };
		21BAD48125C1CF0300F4E04A /* SceneDelegate.swift */ = {isa = PBXFileReference; lastKnownFileType = sourcecode.swift; path = SceneDelegate.swift; sourceTree = "<group>"; };
		21BAD48325C1CF0300F4E04A /* ContentView.swift */ = {isa = PBXFileReference; lastKnownFileType = sourcecode.swift; path = ContentView.swift; sourceTree = "<group>"; };
		21BAD48525C1CF0400F4E04A /* Assets.xcassets */ = {isa = PBXFileReference; lastKnownFileType = folder.assetcatalog; path = Assets.xcassets; sourceTree = "<group>"; };
		21BAD48825C1CF0400F4E04A /* Preview Assets.xcassets */ = {isa = PBXFileReference; lastKnownFileType = folder.assetcatalog; path = "Preview Assets.xcassets"; sourceTree = "<group>"; };
		21BAD48B25C1CF0400F4E04A /* Base */ = {isa = PBXFileReference; lastKnownFileType = file.storyboard; name = Base; path = Base.lproj/LaunchScreen.storyboard; sourceTree = "<group>"; };
		21BAD48D25C1CF0400F4E04A /* Info.plist */ = {isa = PBXFileReference; lastKnownFileType = text.plist.xml; path = Info.plist; sourceTree = "<group>"; };
		21BAD49225C1CF0400F4E04A /* SimpleImagePickerTests.xctest */ = {isa = PBXFileReference; explicitFileType = wrapper.cfbundle; includeInIndex = 0; path = SimpleImagePickerTests.xctest; sourceTree = BUILT_PRODUCTS_DIR; };
		21BAD49625C1CF0400F4E04A /* SimpleImagePickerTests.swift */ = {isa = PBXFileReference; lastKnownFileType = sourcecode.swift; path = SimpleImagePickerTests.swift; sourceTree = "<group>"; };
		21BAD49825C1CF0400F4E04A /* Info.plist */ = {isa = PBXFileReference; lastKnownFileType = text.plist.xml; path = Info.plist; sourceTree = "<group>"; };
		21BAD49D25C1CF0500F4E04A /* SimpleImagePickerUITests.xctest */ = {isa = PBXFileReference; explicitFileType = wrapper.cfbundle; includeInIndex = 0; path = SimpleImagePickerUITests.xctest; sourceTree = BUILT_PRODUCTS_DIR; };
		21BAD4A125C1CF0500F4E04A /* SimpleImagePickerUITests.swift */ = {isa = PBXFileReference; lastKnownFileType = sourcecode.swift; path = SimpleImagePickerUITests.swift; sourceTree = "<group>"; };
		21BAD4A325C1CF0500F4E04A /* Info.plist */ = {isa = PBXFileReference; lastKnownFileType = text.plist.xml; path = Info.plist; sourceTree = "<group>"; };
/* End PBXFileReference section */

/* Begin PBXFrameworksBuildPhase section */
		21BAD47925C1CF0300F4E04A /* Frameworks */ = {
			isa = PBXFrameworksBuildPhase;
			buildActionMask = 2147483647;
			files = (
			);
			runOnlyForDeploymentPostprocessing = 0;
		};
		21BAD48F25C1CF0400F4E04A /* Frameworks */ = {
			isa = PBXFrameworksBuildPhase;
			buildActionMask = 2147483647;
			files = (
			);
			runOnlyForDeploymentPostprocessing = 0;
		};
		21BAD49A25C1CF0500F4E04A /* Frameworks */ = {
			isa = PBXFrameworksBuildPhase;
			buildActionMask = 2147483647;
			files = (
			);
			runOnlyForDeploymentPostprocessing = 0;
		};
/* End PBXFrameworksBuildPhase section */

/* Begin PBXGroup section */
		21BAD47325C1CF0300F4E04A = {
			isa = PBXGroup;
			children = (
				21BAD47E25C1CF0300F4E04A /* SimpleImagePicker */,
				21BAD49525C1CF0400F4E04A /* SimpleImagePickerTests */,
				21BAD4A025C1CF0500F4E04A /* SimpleImagePickerUITests */,
				21BAD47D25C1CF0300F4E04A /* Products */,
			);
			sourceTree = "<group>";
		};
		21BAD47D25C1CF0300F4E04A /* Products */ = {
			isa = PBXGroup;
			children = (
				21BAD47C25C1CF0300F4E04A /* SimpleImagePicker.app */,
				21BAD49225C1CF0400F4E04A /* SimpleImagePickerTests.xctest */,
				21BAD49D25C1CF0500F4E04A /* SimpleImagePickerUITests.xctest */,
			);
			name = Products;
			sourceTree = "<group>";
		};
		21BAD47E25C1CF0300F4E04A /* SimpleImagePicker */ = {
			isa = PBXGroup;
			children = (
				21BAD47F25C1CF0300F4E04A /* AppDelegate.swift */,
				21BAD48125C1CF0300F4E04A /* SceneDelegate.swift */,
				21BAD48325C1CF0300F4E04A /* ContentView.swift */,
				21BAD48525C1CF0400F4E04A /* Assets.xcassets */,
				21BAD48A25C1CF0400F4E04A /* LaunchScreen.storyboard */,
				21BAD48D25C1CF0400F4E04A /* Info.plist */,
				21BAD48725C1CF0400F4E04A /* Preview Content */,
			);
			path = SimpleImagePicker;
			sourceTree = "<group>";
		};
		21BAD48725C1CF0400F4E04A /* Preview Content */ = {
			isa = PBXGroup;
			children = (
				21BAD48825C1CF0400F4E04A /* Preview Assets.xcassets */,
			);
			path = "Preview Content";
			sourceTree = "<group>";
		};
		21BAD49525C1CF0400F4E04A /* SimpleImagePickerTests */ = {
			isa = PBXGroup;
			children = (
				21BAD49625C1CF0400F4E04A /* SimpleImagePickerTests.swift */,
				21BAD49825C1CF0400F4E04A /* Info.plist */,
			);
			path = SimpleImagePickerTests;
			sourceTree = "<group>";
		};
		21BAD4A025C1CF0500F4E04A /* SimpleImagePickerUITests */ = {
			isa = PBXGroup;
			children = (
				21BAD4A125C1CF0500F4E04A /* SimpleImagePickerUITests.swift */,
				21BAD4A325C1CF0500F4E04A /* Info.plist */,
			);
			path = SimpleImagePickerUITests;
			sourceTree = "<group>";
		};
/* End PBXGroup section */

/* Begin PBXNativeTarget section */
		21BAD47B25C1CF0300F4E04A /* SimpleImagePicker */ = {
			isa = PBXNativeTarget;
			buildConfigurationList = 21BAD4A625C1CF0500F4E04A /* Build configuration list for PBXNativeTarget "SimpleImagePicker" */;
			buildPhases = (
				21BAD47825C1CF0300F4E04A /* Sources */,
				21BAD47925C1CF0300F4E04A /* Frameworks */,
				21BAD47A25C1CF0300F4E04A /* Resources */,
			);
			buildRules = (
			);
			dependencies = (
			);
			name = SimpleImagePicker;
			productName = SimpleImagePicker;
			productReference = 21BAD47C25C1CF0300F4E04A /* SimpleImagePicker.app */;
			productType = "com.apple.product-type.application";
		};
		21BAD49125C1CF0400F4E04A /* SimpleImagePickerTests */ = {
			isa = PBXNativeTarget;
			buildConfigurationList = 21BAD4A925C1CF0500F4E04A /* Build configuration list for PBXNativeTarget "SimpleImagePickerTests" */;
			buildPhases = (
				21BAD48E25C1CF0400F4E04A /* Sources */,
				21BAD48F25C1CF0400F4E04A /* Frameworks */,
				21BAD49025C1CF0400F4E04A /* Resources */,
			);
			buildRules = (
			);
			dependencies = (
				21BAD49425C1CF0400F4E04A /* PBXTargetDependency */,
			);
			name = SimpleImagePickerTests;
			productName = SimpleImagePickerTests;
			productReference = 21BAD49225C1CF0400F4E04A /* SimpleImagePickerTests.xctest */;
			productType = "com.apple.product-type.bundle.unit-test";
		};
		21BAD49C25C1CF0500F4E04A /* SimpleImagePickerUITests */ = {
			isa = PBXNativeTarget;
			buildConfigurationList = 21BAD4AC25C1CF0500F4E04A /* Build configuration list for PBXNativeTarget "SimpleImagePickerUITests" */;
			buildPhases = (
				21BAD49925C1CF0500F4E04A /* Sources */,
				21BAD49A25C1CF0500F4E04A /* Frameworks */,
				21BAD49B25C1CF0500F4E04A /* Resources */,
			);
			buildRules = (
			);
			dependencies = (
				21BAD49F25C1CF0500F4E04A /* PBXTargetDependency */,
			);
			name = SimpleImagePickerUITests;
			productName = SimpleImagePickerUITests;
			productReference = 21BAD49D25C1CF0500F4E04A /* SimpleImagePickerUITests.xctest */;
			productType = "com.apple.product-type.bundle.ui-testing";
		};
/* End PBXNativeTarget section */

/* Begin PBXProject section */
		21BAD47425C1CF0300F4E04A /* Project object */ = {
			isa = PBXProject;
			attributes = {
				LastSwiftUpdateCheck = 1240;
				LastUpgradeCheck = 1240;
				TargetAttributes = {
					21BAD47B25C1CF0300F4E04A = {
						CreatedOnToolsVersion = 12.4;
					};
					21BAD49125C1CF0400F4E04A = {
						CreatedOnToolsVersion = 12.4;
						TestTargetID = 21BAD47B25C1CF0300F4E04A;
					};
					21BAD49C25C1CF0500F4E04A = {
						CreatedOnToolsVersion = 12.4;
						TestTargetID = 21BAD47B25C1CF0300F4E04A;
					};
				};
			};
			buildConfigurationList = 21BAD47725C1CF0300F4E04A /* Build configuration list for PBXProject "SimpleImagePicker" */;
			compatibilityVersion = "Xcode 9.3";
			developmentRegion = en;
			hasScannedForEncodings = 0;
			knownRegions = (
				en,
				Base,
			);
			mainGroup = 21BAD47325C1CF0300F4E04A;
			productRefGroup = 21BAD47D25C1CF0300F4E04A /* Products */;
			projectDirPath = "";
			projectRoot = "";
			targets = (
				21BAD47B25C1CF0300F4E04A /* SimpleImagePicker */,
				21BAD49125C1CF0400F4E04A /* SimpleImagePickerTests */,
				21BAD49C25C1CF0500F4E04A /* SimpleImagePickerUITests */,
			);
		};
/* End PBXProject section */

/* Begin PBXResourcesBuildPhase section */
		21BAD47A25C1CF0300F4E04A /* Resources */ = {
			isa = PBXResourcesBuildPhase;
			buildActionMask = 2147483647;
			files = (
				21BAD48C25C1CF0400F4E04A /* LaunchScreen.storyboard in Resources */,
				21BAD48925C1CF0400F4E04A /* Preview Assets.xcassets in Resources */,
				21BAD48625C1CF0400F4E04A /* Assets.xcassets in Resources */,
			);
			runOnlyForDeploymentPostprocessing = 0;
		};
		21BAD49025C1CF0400F4E04A /* Resources */ = {
			isa = PBXResourcesBuildPhase;
			buildActionMask = 2147483647;
			files = (
			);
			runOnlyForDeploymentPostprocessing = 0;
		};
		21BAD49B25C1CF0500F4E04A /* Resources */ = {
			isa = PBXResourcesBuildPhase;
			buildActionMask = 2147483647;
			files = (
			);
			runOnlyForDeploymentPostprocessing = 0;
		};
/* End PBXResourcesBuildPhase section */

/* Begin PBXSourcesBuildPhase section */
		21BAD47825C1CF0300F4E04A /* Sources */ = {
			isa = PBXSourcesBuildPhase;
			buildActionMask = 2147483647;
			files = (
				21BAD48025C1CF0300F4E04A /* AppDelegate.swift in Sources */,
				21BAD48225C1CF0300F4E04A /* SceneDelegate.swift in Sources */,
				21BAD48425C1CF0300F4E04A /* ContentView.swift in Sources */,
			);
			runOnlyForDeploymentPostprocessing = 0;
		};
		21BAD48E25C1CF0400F4E04A /* Sources */ = {
			isa = PBXSourcesBuildPhase;
			buildActionMask = 2147483647;
			files = (
				21BAD49725C1CF0400F4E04A /* SimpleImagePickerTests.swift in Sources */,
			);
			runOnlyForDeploymentPostprocessing = 0;
		};
		21BAD49925C1CF0500F4E04A /* Sources */ = {
			isa = PBXSourcesBuildPhase;
			buildActionMask = 2147483647;
			files = (
				21BAD4A225C1CF0500F4E04A /* SimpleImagePickerUITests.swift in Sources */,
			);
			runOnlyForDeploymentPostprocessing = 0;
		};
/* End PBXSourcesBuildPhase section */

/* Begin PBXTargetDependency section */
		21BAD49425C1CF0400F4E04A /* PBXTargetDependency */ = {
			isa = PBXTargetDependency;
			target = 21BAD47B25C1CF0300F4E04A /* SimpleImagePicker */;
			targetProxy = 21BAD49325C1CF0400F4E04A /* PBXContainerItemProxy */;
		};
		21BAD49F25C1CF0500F4E04A /* PBXTargetDependency */ = {
			isa = PBXTargetDependency;
			target = 21BAD47B25C1CF0300F4E04A /* SimpleImagePicker */;
			targetProxy = 21BAD49E25C1CF0500F4E04A /* PBXContainerItemProxy */;
		};
/* End PBXTargetDependency section */

/* Begin PBXVariantGroup section */
		21BAD48A25C1CF0400F4E04A /* LaunchScreen.storyboard */ = {
			isa = PBXVariantGroup;
			children = (
				21BAD48B25C1CF0400F4E04A /* Base */,
			);
			name = LaunchScreen.storyboard;
			sourceTree = "<group>";
		};
/* End PBXVariantGroup section */

/* Begin XCBuildConfiguration section */
		21BAD4A425C1CF0500F4E04A /* Debug */ = {
			isa = XCBuildConfiguration;
			buildSettings = {
				ALWAYS_SEARCH_USER_PATHS = NO;
				CLANG_ANALYZER_NONNULL = YES;
				CLANG_ANALYZER_NUMBER_OBJECT_CONVERSION = YES_AGGRESSIVE;
				CLANG_CXX_LANGUAGE_STANDARD = "gnu++14";
				CLANG_CXX_LIBRARY = "libc++";
				CLANG_ENABLE_MODULES = YES;
				CLANG_ENABLE_OBJC_ARC = YES;
				CLANG_ENABLE_OBJC_WEAK = YES;
				CLANG_WARN_BLOCK_CAPTURE_AUTORELEASING = YES;
				CLANG_WARN_BOOL_CONVERSION = YES;
				CLANG_WARN_COMMA = YES;
				CLANG_WARN_CONSTANT_CONVERSION = YES;
				CLANG_WARN_DEPRECATED_OBJC_IMPLEMENTATIONS = YES;
				CLANG_WARN_DIRECT_OBJC_ISA_USAGE = YES_ERROR;
				CLANG_WARN_DOCUMENTATION_COMMENTS = YES;
				CLANG_WARN_EMPTY_BODY = YES;
				CLANG_WARN_ENUM_CONVERSION = YES;
				CLANG_WARN_INFINITE_RECURSION = YES;
				CLANG_WARN_INT_CONVERSION = YES;
				CLANG_WARN_NON_LITERAL_NULL_CONVERSION = YES;
				CLANG_WARN_OBJC_IMPLICIT_RETAIN_SELF = YES;
				CLANG_WARN_OBJC_LITERAL_CONVERSION = YES;
				CLANG_WARN_OBJC_ROOT_CLASS = YES_ERROR;
				CLANG_WARN_QUOTED_INCLUDE_IN_FRAMEWORK_HEADER = YES;
				CLANG_WARN_RANGE_LOOP_ANALYSIS = YES;
				CLANG_WARN_STRICT_PROTOTYPES = YES;
				CLANG_WARN_SUSPICIOUS_MOVE = YES;
				CLANG_WARN_UNGUARDED_AVAILABILITY = YES_AGGRESSIVE;
				CLANG_WARN_UNREACHABLE_CODE = YES;
				CLANG_WARN__DUPLICATE_METHOD_MATCH = YES;
				COPY_PHASE_STRIP = NO;
				DEBUG_INFORMATION_FORMAT = dwarf;
				ENABLE_STRICT_OBJC_MSGSEND = YES;
				ENABLE_TESTABILITY = YES;
				GCC_C_LANGUAGE_STANDARD = gnu11;
				GCC_DYNAMIC_NO_PIC = NO;
				GCC_NO_COMMON_BLOCKS = YES;
				GCC_OPTIMIZATION_LEVEL = 0;
				GCC_PREPROCESSOR_DEFINITIONS = (
					"DEBUG=1",
					"$(inherited)",
				);
				GCC_WARN_64_TO_32_BIT_CONVERSION = YES;
				GCC_WARN_ABOUT_RETURN_TYPE = YES_ERROR;
				GCC_WARN_UNDECLARED_SELECTOR = YES;
				GCC_WARN_UNINITIALIZED_AUTOS = YES_AGGRESSIVE;
				GCC_WARN_UNUSED_FUNCTION = YES;
				GCC_WARN_UNUSED_VARIABLE = YES;
				IPHONEOS_DEPLOYMENT_TARGET = 14.4;
				MTL_ENABLE_DEBUG_INFO = INCLUDE_SOURCE;
				MTL_FAST_MATH = YES;
				ONLY_ACTIVE_ARCH = YES;
				SDKROOT = iphoneos;
				SWIFT_ACTIVE_COMPILATION_CONDITIONS = DEBUG;
				SWIFT_OPTIMIZATION_LEVEL = "-Onone";
			};
			name = Debug;
		};
		21BAD4A525C1CF0500F4E04A /* Release */ = {
			isa = XCBuildConfiguration;
			buildSettings = {
				ALWAYS_SEARCH_USER_PATHS = NO;
				CLANG_ANALYZER_NONNULL = YES;
				CLANG_ANALYZER_NUMBER_OBJECT_CONVERSION = YES_AGGRESSIVE;
				CLANG_CXX_LANGUAGE_STANDARD = "gnu++14";
				CLANG_CXX_LIBRARY = "libc++";
				CLANG_ENABLE_MODULES = YES;
				CLANG_ENABLE_OBJC_ARC = YES;
				CLANG_ENABLE_OBJC_WEAK = YES;
				CLANG_WARN_BLOCK_CAPTURE_AUTORELEASING = YES;
				CLANG_WARN_BOOL_CONVERSION = YES;
				CLANG_WARN_COMMA = YES;
				CLANG_WARN_CONSTANT_CONVERSION = YES;
				CLANG_WARN_DEPRECATED_OBJC_IMPLEMENTATIONS = YES;
				CLANG_WARN_DIRECT_OBJC_ISA_USAGE = YES_ERROR;
				CLANG_WARN_DOCUMENTATION_COMMENTS = YES;
				CLANG_WARN_EMPTY_BODY = YES;
				CLANG_WARN_ENUM_CONVERSION = YES;
				CLANG_WARN_INFINITE_RECURSION = YES;
				CLANG_WARN_INT_CONVERSION = YES;
				CLANG_WARN_NON_LITERAL_NULL_CONVERSION = YES;
				CLANG_WARN_OBJC_IMPLICIT_RETAIN_SELF = YES;
				CLANG_WARN_OBJC_LITERAL_CONVERSION = YES;
				CLANG_WARN_OBJC_ROOT_CLASS = YES_ERROR;
				CLANG_WARN_QUOTED_INCLUDE_IN_FRAMEWORK_HEADER = YES;
				CLANG_WARN_RANGE_LOOP_ANALYSIS = YES;
				CLANG_WARN_STRICT_PROTOTYPES = YES;
				CLANG_WARN_SUSPICIOUS_MOVE = YES;
				CLANG_WARN_UNGUARDED_AVAILABILITY = YES_AGGRESSIVE;
				CLANG_WARN_UNREACHABLE_CODE = YES;
				CLANG_WARN__DUPLICATE_METHOD_MATCH = YES;
				COPY_PHASE_STRIP = NO;
				DEBUG_INFORMATION_FORMAT = "dwarf-with-dsym";
				ENABLE_NS_ASSERTIONS = NO;
				ENABLE_STRICT_OBJC_MSGSEND = YES;
				GCC_C_LANGUAGE_STANDARD = gnu11;
				GCC_NO_COMMON_BLOCKS = YES;
				GCC_WARN_64_TO_32_BIT_CONVERSION = YES;
				GCC_WARN_ABOUT_RETURN_TYPE = YES_ERROR;
				GCC_WARN_UNDECLARED_SELECTOR = YES;
				GCC_WARN_UNINITIALIZED_AUTOS = YES_AGGRESSIVE;
				GCC_WARN_UNUSED_FUNCTION = YES;
				GCC_WARN_UNUSED_VARIABLE = YES;
				IPHONEOS_DEPLOYMENT_TARGET = 14.4;
				MTL_ENABLE_DEBUG_INFO = NO;
				MTL_FAST_MATH = YES;
				SDKROOT = iphoneos;
				SWIFT_COMPILATION_MODE = wholemodule;
				SWIFT_OPTIMIZATION_LEVEL = "-O";
				VALIDATE_PRODUCT = YES;
			};
			name = Release;
		};
		21BAD4A725C1CF0500F4E04A /* Debug */ = {
			isa = XCBuildConfiguration;
			buildSettings = {
				ASSETCATALOG_COMPILER_APPICON_NAME = AppIcon;
				ASSETCATALOG_COMPILER_GLOBAL_ACCENT_COLOR_NAME = AccentColor;
				CODE_SIGN_STYLE = Automatic;
				DEVELOPMENT_ASSET_PATHS = "\"SimpleImagePicker/Preview Content\"";
				DEVELOPMENT_TEAM = GL92UNQ3FG;
				ENABLE_PREVIEWS = YES;
				INFOPLIST_FILE = SimpleImagePicker/Info.plist;
				LD_RUNPATH_SEARCH_PATHS = (
					"$(inherited)",
					"@executable_path/Frameworks",
				);
				PRODUCT_BUNDLE_IDENTIFIER = "JANTEL-CORP.SimpleImagePicker";
				PRODUCT_NAME = "$(TARGET_NAME)";
				SWIFT_VERSION = 5.0;
				TARGETED_DEVICE_FAMILY = "1,2";
			};
			name = Debug;
		};
		21BAD4A825C1CF0500F4E04A /* Release */ = {
			isa = XCBuildConfiguration;
			buildSettings = {
				ASSETCATALOG_COMPILER_APPICON_NAME = AppIcon;
				ASSETCATALOG_COMPILER_GLOBAL_ACCENT_COLOR_NAME = AccentColor;
				CODE_SIGN_STYLE = Automatic;
				DEVELOPMENT_ASSET_PATHS = "\"SimpleImagePicker/Preview Content\"";
				DEVELOPMENT_TEAM = GL92UNQ3FG;
				ENABLE_PREVIEWS = YES;
				INFOPLIST_FILE = SimpleImagePicker/Info.plist;
				LD_RUNPATH_SEARCH_PATHS = (
					"$(inherited)",
					"@executable_path/Frameworks",
				);
				PRODUCT_BUNDLE_IDENTIFIER = "JANTEL-CORP.SimpleImagePicker";
				PRODUCT_NAME = "$(TARGET_NAME)";
				SWIFT_VERSION = 5.0;
				TARGETED_DEVICE_FAMILY = "1,2";
			};
			name = Release;
		};
		21BAD4AA25C1CF0500F4E04A /* Debug */ = {
			isa = XCBuildConfiguration;
			buildSettings = {
				ALWAYS_EMBED_SWIFT_STANDARD_LIBRARIES = YES;
				BUNDLE_LOADER = "$(TEST_HOST)";
				CODE_SIGN_STYLE = Automatic;
				DEVELOPMENT_TEAM = GL92UNQ3FG;
				INFOPLIST_FILE = SimpleImagePickerTests/Info.plist;
				IPHONEOS_DEPLOYMENT_TARGET = 14.4;
				LD_RUNPATH_SEARCH_PATHS = (
					"$(inherited)",
					"@executable_path/Frameworks",
					"@loader_path/Frameworks",
				);
				PRODUCT_BUNDLE_IDENTIFIER = "JANTEL-CORP.SimpleImagePickerTests";
				PRODUCT_NAME = "$(TARGET_NAME)";
				SWIFT_VERSION = 5.0;
				TARGETED_DEVICE_FAMILY = "1,2";
				TEST_HOST = "$(BUILT_PRODUCTS_DIR)/SimpleImagePicker.app/SimpleImagePicker";
			};
			name = Debug;
		};
		21BAD4AB25C1CF0500F4E04A /* Release */ = {
			isa = XCBuildConfiguration;
			buildSettings = {
				ALWAYS_EMBED_SWIFT_STANDARD_LIBRARIES = YES;
				BUNDLE_LOADER = "$(TEST_HOST)";
				CODE_SIGN_STYLE = Automatic;
				DEVELOPMENT_TEAM = GL92UNQ3FG;
				INFOPLIST_FILE = SimpleImagePickerTests/Info.plist;
				IPHONEOS_DEPLOYMENT_TARGET = 14.4;
				LD_RUNPATH_SEARCH_PATHS = (
					"$(inherited)",
					"@executable_path/Frameworks",
					"@loader_path/Frameworks",
				);
				PRODUCT_BUNDLE_IDENTIFIER = "JANTEL-CORP.SimpleImagePickerTests";
				PRODUCT_NAME = "$(TARGET_NAME)";
				SWIFT_VERSION = 5.0;
				TARGETED_DEVICE_FAMILY = "1,2";
				TEST_HOST = "$(BUILT_PRODUCTS_DIR)/SimpleImagePicker.app/SimpleImagePicker";
			};
			name = Release;
		};
		21BAD4AD25C1CF0500F4E04A /* Debug */ = {
			isa = XCBuildConfiguration;
			buildSettings = {
				ALWAYS_EMBED_SWIFT_STANDARD_LIBRARIES = YES;
				CODE_SIGN_STYLE = Automatic;
				DEVELOPMENT_TEAM = GL92UNQ3FG;
				INFOPLIST_FILE = SimpleImagePickerUITests/Info.plist;
				LD_RUNPATH_SEARCH_PATHS = (
					"$(inherited)",
					"@executable_path/Frameworks",
					"@loader_path/Frameworks",
				);
				PRODUCT_BUNDLE_IDENTIFIER = "JANTEL-CORP.SimpleImagePickerUITests";
				PRODUCT_NAME = "$(TARGET_NAME)";
				SWIFT_VERSION = 5.0;
				TARGETED_DEVICE_FAMILY = "1,2";
				TEST_TARGET_NAME = SimpleImagePicker;
			};
			name = Debug;
		};
		21BAD4AE25C1CF0500F4E04A /* Release */ = {
			isa = XCBuildConfiguration;
			buildSettings = {
				ALWAYS_EMBED_SWIFT_STANDARD_LIBRARIES = YES;
				CODE_SIGN_STYLE = Automatic;
				DEVELOPMENT_TEAM = GL92UNQ3FG;
				INFOPLIST_FILE = SimpleImagePickerUITests/Info.plist;
				LD_RUNPATH_SEARCH_PATHS = (
					"$(inherited)",
					"@executable_path/Frameworks",
					"@loader_path/Frameworks",
				);
				PRODUCT_BUNDLE_IDENTIFIER = "JANTEL-CORP.SimpleImagePickerUITests";
				PRODUCT_NAME = "$(TARGET_NAME)";
				SWIFT_VERSION = 5.0;
				TARGETED_DEVICE_FAMILY = "1,2";
				TEST_TARGET_NAME = SimpleImagePicker;
			};
			name = Release;
		};
/* End XCBuildConfiguration section */

/* Begin XCConfigurationList section */
		21BAD47725C1CF0300F4E04A /* Build configuration list for PBXProject "SimpleImagePicker" */ = {
			isa = XCConfigurationList;
			buildConfigurations = (
				21BAD4A425C1CF0500F4E04A /* Debug */,
				21BAD4A525C1CF0500F4E04A /* Release */,
			);
			defaultConfigurationIsVisible = 0;
			defaultConfigurationName = Release;
		};
		21BAD4A625C1CF0500F4E04A /* Build configuration list for PBXNativeTarget "SimpleImagePicker" */ = {
			isa = XCConfigurationList;
			buildConfigurations = (
				21BAD4A725C1CF0500F4E04A /* Debug */,
				21BAD4A825C1CF0500F4E04A /* Release */,
			);
			defaultConfigurationIsVisible = 0;
			defaultConfigurationName = Release;
		};
		21BAD4A925C1CF0500F4E04A /* Build configuration list for PBXNativeTarget "SimpleImagePickerTests" */ = {
			isa = XCConfigurationList;
			buildConfigurations = (
				21BAD4AA25C1CF0500F4E04A /* Debug */,
				21BAD4AB25C1CF0500F4E04A /* Release */,
			);
			defaultConfigurationIsVisible = 0;
			defaultConfigurationName = Release;
		};
		21BAD4AC25C1CF0500F4E04A /* Build configuration list for PBXNativeTarget "SimpleImagePickerUITests" */ = {
			isa = XCConfigurationList;
			buildConfigurations = (
				21BAD4AD25C1CF0500F4E04A /* Debug */,
				21BAD4AE25C1CF0500F4E04A /* Release */,
			);
			defaultConfigurationIsVisible = 0;
			defaultConfigurationName = Release;
		};
/* End XCConfigurationList section */
	};
	rootObject = 21BAD47425C1CF0300F4E04A /* Project object */;
}
